
Microsoft Visual Studio Solution File, Format Version 12.00
# Visual Studio Version 17
VisualStudioVersion = 17.3.32929.385
MinimumVisualStudioVersion = 10.0.40219.1
Project("{9A19103F-16F7-4668-BE54-9A1E7A4F7556}") = "MyComic.Presentation", "MyComic.Presentation\MyComic.Presentation.csproj", "{DB3F0AA4-E785-4A19-BED2-38463A049FDA}"
EndProject
Project("{9A19103F-16F7-4668-BE54-9A1E7A4F7556}") = "MyComic.Presentation.Models", "MyComic.Presentation.Models\MyComic.Presentation.Models.csproj", "{DBE23927-9A3A-47F0-AA3B-713A9AA52AFA}"
EndProject
Project("{9A19103F-16F7-4668-BE54-9A1E7A4F7556}") = "MyComic.PageNavigation", "MyComic.PageNavigation\MyComic.PageNavigation.csproj", "{7D443A34-6148-4EE1-8DEF-F60BB41D8E79}"
EndProject
Project("{9A19103F-16F7-4668-BE54-9A1E7A4F7556}") = "MyComic.Entities", "MyComic.Entities\MyComic.Entities.csproj", "{492CAD0A-9E34-4D1C-AD74-23F41D7C6AA4}"
EndProject
Project("{9A19103F-16F7-4668-BE54-9A1E7A4F7556}") = "MyComic.PageNavigation.Tests", "MyComic.PageNavigation.Tests\MyComic.PageNavigation.Tests.csproj", "{96D012A8-43C3-46D5-A723-53D3390B80A6}"
EndProject
Project("{9A19103F-16F7-4668-BE54-9A1E7A4F7556}") = "MyComic.DataAccess.ComicPages", "MyComic.DataAccess.ComicPages\MyComic.DataAccess.ComicPages.csproj", "{16BE7DC2-75F9-440C-8219-3C47FA01954A}"
EndProject
Project("{2150E333-8FDC-42A3-9474-1A3956D46DE8}") = "Presentation", "Presentation", "{8E3CAF78-2B61-418F-9F44-F39B8100DBC7}"
EndProject
Project("{2150E333-8FDC-42A3-9474-1A3956D46DE8}") = "ComicPages", "ComicPages", "{19A96173-A1DB-4736-973B-AE30933417FA}"
EndProject
Project("{9A19103F-16F7-4668-BE54-9A1E7A4F7556}") = "MyComic.PageProviding", "MyComic.PageProviding\MyComic.PageProviding.csproj", "{6281CA0D-40D5-4597-9B9C-BD1C35D2F4B0}"
EndProject
Project("{9A19103F-16F7-4668-BE54-9A1E7A4F7556}") = "MyComic.Utilities", "MyComic.Utilities\MyComic.Utilities.csproj", "{443F3C2E-50A4-4B31-835A-28B12105FA28}"
EndProject
Project("{9A19103F-16F7-4668-BE54-9A1E7A4F7556}") = "MyComic.Utilities.Tests", "MyComic.Utilities.Tests\MyComic.Utilities.Tests.csproj", "{9843A166-9994-4D55-AA1F-127D9E67CD45}"
EndProject
Global
	GlobalSection(SolutionConfigurationPlatforms) = preSolution
		Debug|Any CPU = Debug|Any CPU
		Release|Any CPU = Release|Any CPU
	EndGlobalSection
	GlobalSection(ProjectConfigurationPlatforms) = postSolution
		{DB3F0AA4-E785-4A19-BED2-38463A049FDA}.Debug|Any CPU.ActiveCfg = Debug|Any CPU
		{DB3F0AA4-E785-4A19-BED2-38463A049FDA}.Debug|Any CPU.Build.0 = Debug|Any CPU
		{DB3F0AA4-E785-4A19-BED2-38463A049FDA}.Release|Any CPU.ActiveCfg = Release|Any CPU
		{DB3F0AA4-E785-4A19-BED2-38463A049FDA}.Release|Any CPU.Build.0 = Release|Any CPU
		{DBE23927-9A3A-47F0-AA3B-713A9AA52AFA}.Debug|Any CPU.ActiveCfg = Debug|Any CPU
		{DBE23927-9A3A-47F0-AA3B-713A9AA52AFA}.Debug|Any CPU.Build.0 = Debug|Any CPU
		{DBE23927-9A3A-47F0-AA3B-713A9AA52AFA}.Release|Any CPU.ActiveCfg = Release|Any CPU
		{DBE23927-9A3A-47F0-AA3B-713A9AA52AFA}.Release|Any CPU.Build.0 = Release|Any CPU
		{7D443A34-6148-4EE1-8DEF-F60BB41D8E79}.Debug|Any CPU.ActiveCfg = Debug|Any CPU
		{7D443A34-6148-4EE1-8DEF-F60BB41D8E79}.Debug|Any CPU.Build.0 = Debug|Any CPU
		{7D443A34-6148-4EE1-8DEF-F60BB41D8E79}.Release|Any CPU.ActiveCfg = Release|Any CPU
		{7D443A34-6148-4EE1-8DEF-F60BB41D8E79}.Release|Any CPU.Build.0 = Release|Any CPU
		{492CAD0A-9E34-4D1C-AD74-23F41D7C6AA4}.Debug|Any CPU.ActiveCfg = Debug|Any CPU
		{492CAD0A-9E34-4D1C-AD74-23F41D7C6AA4}.Debug|Any CPU.Build.0 = Debug|Any CPU
		{492CAD0A-9E34-4D1C-AD74-23F41D7C6AA4}.Release|Any CPU.ActiveCfg = Release|Any CPU
		{492CAD0A-9E34-4D1C-AD74-23F41D7C6AA4}.Release|Any CPU.Build.0 = Release|Any CPU
		{96D012A8-43C3-46D5-A723-53D3390B80A6}.Debug|Any CPU.ActiveCfg = Debug|Any CPU
		{96D012A8-43C3-46D5-A723-53D3390B80A6}.Debug|Any CPU.Build.0 = Debug|Any CPU
		{96D012A8-43C3-46D5-A723-53D3390B80A6}.Release|Any CPU.ActiveCfg = Release|Any CPU
		{96D012A8-43C3-46D5-A723-53D3390B80A6}.Release|Any CPU.Build.0 = Release|Any CPU
		{16BE7DC2-75F9-440C-8219-3C47FA01954A}.Debug|Any CPU.ActiveCfg = Debug|Any CPU
		{16BE7DC2-75F9-440C-8219-3C47FA01954A}.Debug|Any CPU.Build.0 = Debug|Any CPU
		{16BE7DC2-75F9-440C-8219-3C47FA01954A}.Release|Any CPU.ActiveCfg = Release|Any CPU
		{16BE7DC2-75F9-440C-8219-3C47FA01954A}.Release|Any CPU.Build.0 = Release|Any CPU
		{6281CA0D-40D5-4597-9B9C-BD1C35D2F4B0}.Debug|Any CPU.ActiveCfg = Debug|Any CPU
		{6281CA0D-40D5-4597-9B9C-BD1C35D2F4B0}.Debug|Any CPU.Build.0 = Debug|Any CPU
		{6281CA0D-40D5-4597-9B9C-BD1C35D2F4B0}.Release|Any CPU.ActiveCfg = Release|Any CPU
		{6281CA0D-40D5-4597-9B9C-BD1C35D2F4B0}.Release|Any CPU.Build.0 = Release|Any CPU
		{443F3C2E-50A4-4B31-835A-28B12105FA28}.Debug|Any CPU.ActiveCfg = Debug|Any CPU
		{443F3C2E-50A4-4B31-835A-28B12105FA28}.Debug|Any CPU.Build.0 = Debug|Any CPU
		{443F3C2E-50A4-4B31-835A-28B12105FA28}.Release|Any CPU.ActiveCfg = Release|Any CPU
		{443F3C2E-50A4-4B31-835A-28B12105FA28}.Release|Any CPU.Build.0 = Release|Any CPU
		{9843A166-9994-4D55-AA1F-127D9E67CD45}.Debug|Any CPU.ActiveCfg = Debug|Any CPU
		{9843A166-9994-4D55-AA1F-127D9E67CD45}.Debug|Any CPU.Build.0 = Debug|Any CPU
		{9843A166-9994-4D55-AA1F-127D9E67CD45}.Release|Any CPU.ActiveCfg = Release|Any CPU
		{9843A166-9994-4D55-AA1F-127D9E67CD45}.Release|Any CPU.Build.0 = Release|Any CPU
	EndGlobalSection
	GlobalSection(SolutionProperties) = preSolution
		HideSolutionNode = FALSE
	EndGlobalSection
	GlobalSection(NestedProjects) = preSolution
		{DB3F0AA4-E785-4A19-BED2-38463A049FDA} = {8E3CAF78-2B61-418F-9F44-F39B8100DBC7}
		{DBE23927-9A3A-47F0-AA3B-713A9AA52AFA} = {8E3CAF78-2B61-418F-9F44-F39B8100DBC7}
		{7D443A34-6148-4EE1-8DEF-F60BB41D8E79} = {19A96173-A1DB-4736-973B-AE30933417FA}
		{96D012A8-43C3-46D5-A723-53D3390B80A6} = {19A96173-A1DB-4736-973B-AE30933417FA}
		{6281CA0D-40D5-4597-9B9C-BD1C35D2F4B0} = {19A96173-A1DB-4736-973B-AE30933417FA}
	EndGlobalSection
	GlobalSection(ExtensibilityGlobals) = postSolution
		SolutionGuid = {63C57C60-42CC-40F8-AD0E-F9FCF011EB53}
	EndGlobalSection
EndGlobal
